Microsoft Visual Studio Solution File, Format Version 12.00
# Visual Studio Version 17
VisualStudioVersion = 17.5.2.0
MinimumVisualStudioVersion = 10.0.40219.1
Project("{FAE04EC0-301F-11D3-BF4B-00C04F79EFBC}") = "HelloTwist", "HelloTwist.csproj", "{4C06499A-91A0-5E44-6ABC-018AF139F93A}"
EndProject
Global
	GlobalSection(SolutionConfigurationPlatforms) = preSolution
		Debug|Any CPU = Debug|Any CPU
		Release|Any CPU = Release|Any CPU
	EndGlobalSection
	GlobalSection(ProjectConfigurationPlatforms) = postSolution
		{4C06499A-91A0-5E44-6ABC-018AF139F93A}.Debug|Any CPU.ActiveCfg = Debug|Any CPU
		{4C06499A-91A0-5E44-6ABC-018AF139F93A}.Debug|Any CPU.Build.0 = Debug|Any CPU
		{4C06499A-91A0-5E44-6ABC-018AF139F93A}.Release|Any CPU.ActiveCfg = Release|Any CPU
		{4C06499A-91A0-5E44-6ABC-018AF139F93A}.Release|Any CPU.Build.0 = Release|Any CPU
	EndGlobalSection
	GlobalSection(SolutionProperties) = preSolution
		HideSolutionNode = FALSE
	EndGlobalSection
	GlobalSection(ExtensibilityGlobals) = postSolution
		SolutionGuid = {5CFC38B2-674F-4FA7-8EDB-D95679F1FD47}
	EndGlobalSection
EndGlobal
